
Microsoft Visual Studio Solution File, Format Version 12.00
# Visual Studio Version 17
VisualStudioVersion = 17.14.36301.6
MinimumVisualStudioVersion = 10.0.40219.1
Project("{FAE04EC0-301F-11D3-BF4B-00C04F79EFBC}") = "ISKI.IBKS.Presentation.WinForms", "ISKI.IBKS.Presentation.WinForms\ISKI.IBKS.Presentation.WinForms.csproj", "{F71F1D38-F50E-42C9-939A-BD48F75C36EF}"
EndProject
Project("{2150E333-8FDC-42A3-9474-1A3956D46DE8}") = "src", "src", "{02EA681E-C7D8-13C7-8484-4AC65E1B71E8}"
EndProject
Project("{FAE04EC0-301F-11D3-BF4B-00C04F79EFBC}") = "ISKI.IBKS.Domain", "ISKI.IBKS.Domain\ISKI.IBKS.Domain.csproj", "{C383C06B-5ED0-4DCF-9F8B-D73D417B0C8D}"
EndProject
Project("{FAE04EC0-301F-11D3-BF4B-00C04F79EFBC}") = "ISKI.IBKS.Infrastructure", "ISKI.IBKS.Infrastructure\ISKI.IBKS.Infrastructure.csproj", "{0A00FE3A-B906-4164-9725-404EBE3B4B48}"
EndProject
Global
	GlobalSection(SolutionConfigurationPlatforms) = preSolution
		Debug|Any CPU = Debug|Any CPU
		Release|Any CPU = Release|Any CPU
	EndGlobalSection
	GlobalSection(ProjectConfigurationPlatforms) = postSolution
		{F71F1D38-F50E-42C9-939A-BD48F75C36EF}.Debug|Any CPU.ActiveCfg = Debug|Any CPU
		{F71F1D38-F50E-42C9-939A-BD48F75C36EF}.Debug|Any CPU.Build.0 = Debug|Any CPU
		{F71F1D38-F50E-42C9-939A-BD48F75C36EF}.Release|Any CPU.ActiveCfg = Release|Any CPU
		{F71F1D38-F50E-42C9-939A-BD48F75C36EF}.Release|Any CPU.Build.0 = Release|Any CPU
		{C383C06B-5ED0-4DCF-9F8B-D73D417B0C8D}.Debug|Any CPU.ActiveCfg = Debug|Any CPU
		{C383C06B-5ED0-4DCF-9F8B-D73D417B0C8D}.Debug|Any CPU.Build.0 = Debug|Any CPU
		{C383C06B-5ED0-4DCF-9F8B-D73D417B0C8D}.Release|Any CPU.ActiveCfg = Release|Any CPU
		{C383C06B-5ED0-4DCF-9F8B-D73D417B0C8D}.Release|Any CPU.Build.0 = Release|Any CPU
		{0A00FE3A-B906-4164-9725-404EBE3B4B48}.Debug|Any CPU.ActiveCfg = Debug|Any CPU
		{0A00FE3A-B906-4164-9725-404EBE3B4B48}.Debug|Any CPU.Build.0 = Debug|Any CPU
		{0A00FE3A-B906-4164-9725-404EBE3B4B48}.Release|Any CPU.ActiveCfg = Release|Any CPU
		{0A00FE3A-B906-4164-9725-404EBE3B4B48}.Release|Any CPU.Build.0 = Release|Any CPU
	EndGlobalSection
	GlobalSection(SolutionProperties) = preSolution
		HideSolutionNode = FALSE
	EndGlobalSection
	GlobalSection(NestedProjects) = preSolution
		{F71F1D38-F50E-42C9-939A-BD48F75C36EF} = {02EA681E-C7D8-13C7-8484-4AC65E1B71E8}
		{C383C06B-5ED0-4DCF-9F8B-D73D417B0C8D} = {02EA681E-C7D8-13C7-8484-4AC65E1B71E8}
		{0A00FE3A-B906-4164-9725-404EBE3B4B48} = {02EA681E-C7D8-13C7-8484-4AC65E1B71E8}
	EndGlobalSection
	GlobalSection(ExtensibilityGlobals) = postSolution
		SolutionGuid = {BEBA8E4C-44E9-4304-9211-B720544079FF}
	EndGlobalSection
EndGlobal
